
Microsoft Visual Studio Solution File, Format Version 12.00
# Visual Studio Version 17
VisualStudioVersion = 17.5.002.0
MinimumVisualStudioVersion = 10.0.40219.1
Project("{9A19103F-16F7-4668-BE54-9A1E7A4F7556}") = "24HEC001-.NET", "24HEC001-.NET.csproj", "{D45CF937-5E59-4023-828F-1AFB301F2559}"
EndProject
Global
	GlobalSection(SolutionConfigurationPlatforms) = preSolution
		Debug|Any CPU = Debug|Any CPU
		Release|Any CPU = Release|Any CPU
	EndGlobalSection
	GlobalSection(ProjectConfigurationPlatforms) = postSolution
		{D45CF937-5E59-4023-828F-1AFB301F2559}.Debug|Any CPU.ActiveCfg = Debug|Any CPU
		{D45CF937-5E59-4023-828F-1AFB301F2559}.Debug|Any CPU.Build.0 = Debug|Any CPU
		{D45CF937-5E59-4023-828F-1AFB301F2559}.Release|Any CPU.ActiveCfg = Release|Any CPU
		{D45CF937-5E59-4023-828F-1AFB301F2559}.Release|Any CPU.Build.0 = Release|Any CPU
	EndGlobalSection
	GlobalSection(SolutionProperties) = preSolution
		HideSolutionNode = FALSE
	EndGlobalSection
	GlobalSection(ExtensibilityGlobals) = postSolution
		SolutionGuid = {1346981B-EEDA-4A50-93CE-F95FF49A7824}
	EndGlobalSection
EndGlobal
